// !$*UTF8*$!
{
	archiveVersion = 1;
	classes = {
	};
	objectVersion = 55;
	objects = {

/* Begin PBXBuildFile section */
		221A9912285B957C0055C336 /* darkbrick_shadow.png in CopyFiles */ = {isa = PBXBuildFile; fileRef = 221A9911285B957C0055C336 /* darkbrick_shadow.png */; };
		2291B9BF285AB31F00D0EA09 /* shaders in CopyFiles */ = {isa = PBXBuildFile; fileRef = 22E50C55284B10040054D616 /* shaders */; };
		2291B9CD285AFE2A00D0EA09 /* darker_brick.png in CopyFiles */ = {isa = PBXBuildFile; fileRef = 2291B9CA285AFE2A00D0EA09 /* darker_brick.png */; };
		2291B9CE285AFE2A00D0EA09 /* eyeball.png in CopyFiles */ = {isa = PBXBuildFile; fileRef = 2291B9CB285AFE2A00D0EA09 /* eyeball.png */; };
		2291B9CF285AFE2A00D0EA09 /* brick.png in CopyFiles */ = {isa = PBXBuildFile; fileRef = 2291B9CC285AFE2A00D0EA09 /* brick.png */; };
		22E50C4D284B0EED0054D616 /* main.cpp in Sources */ = {isa = PBXBuildFile; fileRef = 22E50C4C284B0EED0054D616 /* main.cpp */; };
		22E50C59284B10040054D616 /* main.cpp in Sources */ = {isa = PBXBuildFile; fileRef = 22E50C56284B10040054D616 /* main.cpp */; };
		22E50C5A284B10040054D616 /* ShaderProgram.cpp in Sources */ = {isa = PBXBuildFile; fileRef = 22E50C58284B10040054D616 /* ShaderProgram.cpp */; };
		22E50C5D284B11580054D616 /* OpenGL.framework in Frameworks */ = {isa = PBXBuildFile; fileRef = 22E50C5C284B11580054D616 /* OpenGL.framework */; };
		22E50C5F284B11620054D616 /* Cocoa.framework in Frameworks */ = {isa = PBXBuildFile; fileRef = 22E50C5E284B11620054D616 /* Cocoa.framework */; };
		22E50C66284B11FF0054D616 /* SDL2_image.framework in Frameworks */ = {isa = PBXBuildFile; fileRef = 22E50C60284B11B20054D616 /* SDL2_image.framework */; };
		22E50C67284B11FF0054D616 /* SDL2_mixer.framework in Frameworks */ = {isa = PBXBuildFile; fileRef = 22E50C62284B11B20054D616 /* SDL2_mixer.framework */; };
		22E50C68284B11FF0054D616 /* SDL2.framework in Frameworks */ = {isa = PBXBuildFile; fileRef = 22E50C61284B11B20054D616 /* SDL2.framework */; };
/* End PBXBuildFile section */

/* Begin PBXCopyFilesBuildPhase section */
		22E50C47284B0EED0054D616 /* CopyFiles */ = {
			isa = PBXCopyFilesBuildPhase;
			buildActionMask = 12;
			dstPath = "";
			dstSubfolderSpec = 6;
			files = (
				2291B9BF285AB31F00D0EA09 /* shaders in CopyFiles */,
				2291B9CD285AFE2A00D0EA09 /* darker_brick.png in CopyFiles */,
				2291B9CE285AFE2A00D0EA09 /* eyeball.png in CopyFiles */,
				2291B9CF285AFE2A00D0EA09 /* brick.png in CopyFiles */,
				221A9912285B957C0055C336 /* darkbrick_shadow.png in CopyFiles */,
			);
			runOnlyForDeploymentPostprocessing = 0;
		};
/* End PBXCopyFilesBuildPhase section */

/* Begin PBXFileReference section */
		221A9911285B957C0055C336 /* darkbrick_shadow.png */ = {isa = PBXFileReference; lastKnownFileType = image.png; name = darkbrick_shadow.png; path = SDLSimple/textures/darkbrick_shadow.png; sourceTree = "<group>"; };
		2291B9BD285AB2BE00D0EA09 /* textures */ = {isa = PBXFileReference; lastKnownFileType = folder; path = textures; sourceTree = "<group>"; };
		2291B9CA285AFE2A00D0EA09 /* darker_brick.png */ = {isa = PBXFileReference; lastKnownFileType = image.png; name = darker_brick.png; path = SDLSimple/textures/darker_brick.png; sourceTree = "<group>"; };
		2291B9CB285AFE2A00D0EA09 /* eyeball.png */ = {isa = PBXFileReference; lastKnownFileType = image.png; name = eyeball.png; path = SDLSimple/textures/eyeball.png; sourceTree = "<group>"; };
		2291B9CC285AFE2A00D0EA09 /* brick.png */ = {isa = PBXFileReference; lastKnownFileType = image.png; name = brick.png; path = SDLSimple/textures/brick.png; sourceTree = "<group>"; };
		22E50C49284B0EED0054D616 /* SDLSimple */ = {isa = PBXFileReference; explicitFileType = "compiled.mach-o.executable"; includeInIndex = 0; path = SDLSimple; sourceTree = BUILT_PRODUCTS_DIR; };
		22E50C4C284B0EED0054D616 /* main.cpp */ = {isa = PBXFileReference; lastKnownFileType = sourcecode.cpp.cpp; path = main.cpp; sourceTree = "<group>"; };
		22E50C53284B10040054D616 /* glm */ = {isa = PBXFileReference; lastKnownFileType = folder; path = glm; sourceTree = "<group>"; };
		22E50C54284B10040054D616 /* ShaderProgram.h */ = {isa = PBXFileReference; fileEncoding = 4; lastKnownFileType = sourcecode.c.h; path = ShaderProgram.h; sourceTree = "<group>"; };
		22E50C55284B10040054D616 /* shaders */ = {isa = PBXFileReference; lastKnownFileType = folder; path = shaders; sourceTree = "<group>"; };
		22E50C56284B10040054D616 /* main.cpp */ = {isa = PBXFileReference; fileEncoding = 4; lastKnownFileType = sourcecode.cpp.cpp; name = main.cpp; path = "../../../../Downloads/SDLProject (1)/SDLProject/main.cpp"; sourceTree = "<group>"; };
		22E50C57284B10040054D616 /* stb_image.h */ = {isa = PBXFileReference; fileEncoding = 4; lastKnownFileType = sourcecode.c.h; path = stb_image.h; sourceTree = "<group>"; };
		22E50C58284B10040054D616 /* ShaderProgram.cpp */ = {isa = PBXFileReference; fileEncoding = 4; lastKnownFileType = sourcecode.cpp.cpp; path = ShaderProgram.cpp; sourceTree = "<group>"; };
		22E50C5C284B11580054D616 /* OpenGL.framework */ = {isa = PBXFileReference; lastKnownFileType = wrapper.framework; name = OpenGL.framework; path = System/Library/Frameworks/OpenGL.framework; sourceTree = SDKROOT; };
		22E50C5E284B11620054D616 /* Cocoa.framework */ = {isa = PBXFileReference; lastKnownFileType = wrapper.framework; name = Cocoa.framework; path = System/Library/Frameworks/Cocoa.framework; sourceTree = SDKROOT; };
		22E50C60284B11B20054D616 /* SDL2_image.framework */ = {isa = PBXFileReference; lastKnownFileType = wrapper.framework; name = SDL2_image.framework; path = ../../../../../Library/Frameworks/SDL2_image.framework; sourceTree = "<group>"; };
		22E50C61284B11B20054D616 /* SDL2.framework */ = {isa = PBXFileReference; lastKnownFileType = wrapper.framework; name = SDL2.framework; path = ../../../../../Library/Frameworks/SDL2.framework; sourceTree = "<group>"; };
		22E50C62284B11B20054D616 /* SDL2_mixer.framework */ = {isa = PBXFileReference; lastKnownFileType = wrapper.framework; name = SDL2_mixer.framework; path = ../../../../../Library/Frameworks/SDL2_mixer.framework; sourceTree = "<group>"; };
/* End PBXFileReference section */

/* Begin PBXFrameworksBuildPhase section */
		22E50C46284B0EED0054D616 /* Frameworks */ = {
			isa = PBXFrameworksBuildPhase;
			buildActionMask = 2147483647;
			files = (
				22E50C66284B11FF0054D616 /* SDL2_image.framework in Frameworks */,
				22E50C67284B11FF0054D616 /* SDL2_mixer.framework in Frameworks */,
				22E50C68284B11FF0054D616 /* SDL2.framework in Frameworks */,
				22E50C5F284B11620054D616 /* Cocoa.framework in Frameworks */,
				22E50C5D284B11580054D616 /* OpenGL.framework in Frameworks */,
			);
			runOnlyForDeploymentPostprocessing = 0;
		};
/* End PBXFrameworksBuildPhase section */

/* Begin PBXGroup section */
		22E50C40284B0EED0054D616 = {
			isa = PBXGroup;
			children = (
				221A9911285B957C0055C336 /* darkbrick_shadow.png */,
				2291B9CC285AFE2A00D0EA09 /* brick.png */,
				2291B9CA285AFE2A00D0EA09 /* darker_brick.png */,
				2291B9CB285AFE2A00D0EA09 /* eyeball.png */,
				22E50C4B284B0EED0054D616 /* SDLSimple */,
				22E50C4A284B0EED0054D616 /* Products */,
				22E50C5B284B11580054D616 /* Frameworks */,
			);
			sourceTree = "<group>";
		};
		22E50C4A284B0EED0054D616 /* Products */ = {
			isa = PBXGroup;
			children = (
				22E50C49284B0EED0054D616 /* SDLSimple */,
			);
			name = Products;
			sourceTree = "<group>";
		};
		22E50C4B284B0EED0054D616 /* SDLSimple */ = {
			isa = PBXGroup;
			children = (
				2291B9BD285AB2BE00D0EA09 /* textures */,
				22E50C53284B10040054D616 /* glm */,
				22E50C56284B10040054D616 /* main.cpp */,
				22E50C58284B10040054D616 /* ShaderProgram.cpp */,
				22E50C54284B10040054D616 /* ShaderProgram.h */,
				22E50C55284B10040054D616 /* shaders */,
				22E50C57284B10040054D616 /* stb_image.h */,
				22E50C4C284B0EED0054D616 /* main.cpp */,
			);
			path = SDLSimple;
			sourceTree = "<group>";
		};
		22E50C5B284B11580054D616 /* Frameworks */ = {
			isa = PBXGroup;
			children = (
				22E50C60284B11B20054D616 /* SDL2_image.framework */,
				22E50C62284B11B20054D616 /* SDL2_mixer.framework */,
				22E50C61284B11B20054D616 /* SDL2.framework */,
				22E50C5E284B11620054D616 /* Cocoa.framework */,
				22E50C5C284B11580054D616 /* OpenGL.framework */,
			);
			name = Frameworks;
			sourceTree = "<group>";
		};
/* End PBXGroup section */

/* Begin PBXNativeTarget section */
		22E50C48284B0EED0054D616 /* SDLSimple */ = {
			isa = PBXNativeTarget;
			buildConfigurationList = 22E50C50284B0EED0054D616 /* Build configuration list for PBXNativeTarget "SDLSimple" */;
			buildPhases = (
				22E50C45284B0EED0054D616 /* Sources */,
				22E50C46284B0EED0054D616 /* Frameworks */,
				22E50C47284B0EED0054D616 /* CopyFiles */,
			);
			buildRules = (
			);
			dependencies = (
			);
			name = SDLSimple;
			productName = SDLSimple;
			productReference = 22E50C49284B0EED0054D616 /* SDLSimple */;
			productType = "com.apple.product-type.tool";
		};
/* End PBXNativeTarget section */

/* Begin PBXProject section */
		22E50C41284B0EED0054D616 /* Project object */ = {
			isa = PBXProject;
			attributes = {
				BuildIndependentTargetsInParallel = 1;
				LastUpgradeCheck = 1340;
				TargetAttributes = {
					22E50C48284B0EED0054D616 = {
						CreatedOnToolsVersion = 13.4;
					};
				};
			};
			buildConfigurationList = 22E50C44284B0EED0054D616 /* Build configuration list for PBXProject "SDLSimple" */;
			compatibilityVersion = "Xcode 13.0";
			developmentRegion = en;
			hasScannedForEncodings = 0;
			knownRegions = (
				en,
				Base,
			);
			mainGroup = 22E50C40284B0EED0054D616;
			productRefGroup = 22E50C4A284B0EED0054D616 /* Products */;
			projectDirPath = "";
			projectRoot = "";
			targets = (
				22E50C48284B0EED0054D616 /* SDLSimple */,
			);
		};
/* End PBXProject section */

/* Begin PBXSourcesBuildPhase section */
		22E50C45284B0EED0054D616 /* Sources */ = {
			isa = PBXSourcesBuildPhase;
			buildActionMask = 2147483647;
			files = (
				22E50C5A284B10040054D616 /* ShaderProgram.cpp in Sources */,
				22E50C59284B10040054D616 /* main.cpp in Sources */,
				22E50C4D284B0EED0054D616 /* main.cpp in Sources */,
			);
			runOnlyForDeploymentPostprocessing = 0;
		};
/* End PBXSourcesBuildPhase section */

/* Begin XCBuildConfiguration section */
		22E50C4E284B0EED0054D616 /* Debug */ = {
			isa = XCBuildConfiguration;
			buildSettings = {
				ALWAYS_SEARCH_USER_PATHS = NO;
				CLANG_ANALYZER_NONNULL = YES;
				CLANG_ANALYZER_NUMBER_OBJECT_CONVERSION = YES_AGGRESSIVE;
				CLANG_CXX_LANGUAGE_STANDARD = "gnu++17";
				CLANG_ENABLE_MODULES = YES;
				CLANG_ENABLE_OBJC_ARC = YES;
				CLANG_ENABLE_OBJC_WEAK = YES;
				CLANG_WARN_BLOCK_CAPTURE_AUTORELEASING = YES;
				CLANG_WARN_BOOL_CONVERSION = YES;
				CLANG_WARN_COMMA = YES;
				CLANG_WARN_CONSTANT_CONVERSION = YES;
				CLANG_WARN_DEPRECATED_OBJC_IMPLEMENTATIONS = YES;
				CLANG_WARN_DIRECT_OBJC_ISA_USAGE = YES_ERROR;
				CLANG_WARN_DOCUMENTATION_COMMENTS = YES;
				CLANG_WARN_EMPTY_BODY = YES;
				CLANG_WARN_ENUM_CONVERSION = YES;
				CLANG_WARN_INFINITE_RECURSION = YES;
				CLANG_WARN_INT_CONVERSION = YES;
				CLANG_WARN_NON_LITERAL_NULL_CONVERSION = YES;
				CLANG_WARN_OBJC_IMPLICIT_RETAIN_SELF = YES;
				CLANG_WARN_OBJC_LITERAL_CONVERSION = YES;
				CLANG_WARN_OBJC_ROOT_CLASS = YES_ERROR;
				CLANG_WARN_QUOTED_INCLUDE_IN_FRAMEWORK_HEADER = YES;
				CLANG_WARN_RANGE_LOOP_ANALYSIS = YES;
				CLANG_WARN_STRICT_PROTOTYPES = YES;
				CLANG_WARN_SUSPICIOUS_MOVE = YES;
				CLANG_WARN_UNGUARDED_AVAILABILITY = YES_AGGRESSIVE;
				CLANG_WARN_UNREACHABLE_CODE = YES;
				CLANG_WARN__DUPLICATE_METHOD_MATCH = YES;
				COPY_PHASE_STRIP = NO;
				DEBUG_INFORMATION_FORMAT = dwarf;
				ENABLE_STRICT_OBJC_MSGSEND = YES;
				ENABLE_TESTABILITY = YES;
				GCC_C_LANGUAGE_STANDARD = gnu11;
				GCC_DYNAMIC_NO_PIC = NO;
				GCC_NO_COMMON_BLOCKS = YES;
				GCC_OPTIMIZATION_LEVEL = 0;
				GCC_PREPROCESSOR_DEFINITIONS = (
					"DEBUG=1",
					"$(inherited)",
				);
				GCC_WARN_64_TO_32_BIT_CONVERSION = YES;
				GCC_WARN_ABOUT_RETURN_TYPE = YES_ERROR;
				GCC_WARN_UNDECLARED_SELECTOR = YES;
				GCC_WARN_UNINITIALIZED_AUTOS = YES_AGGRESSIVE;
				GCC_WARN_UNUSED_FUNCTION = YES;
				GCC_WARN_UNUSED_VARIABLE = YES;
				MACOSX_DEPLOYMENT_TARGET = 12.3;
				MTL_ENABLE_DEBUG_INFO = INCLUDE_SOURCE;
				MTL_FAST_MATH = YES;
				ONLY_ACTIVE_ARCH = YES;
				SDKROOT = macosx;
			};
			name = Debug;
		};
		22E50C4F284B0EED0054D616 /* Release */ = {
			isa = XCBuildConfiguration;
			buildSettings = {
				ALWAYS_SEARCH_USER_PATHS = NO;
				CLANG_ANALYZER_NONNULL = YES;
				CLANG_ANALYZER_NUMBER_OBJECT_CONVERSION = YES_AGGRESSIVE;
				CLANG_CXX_LANGUAGE_STANDARD = "gnu++17";
				CLANG_ENABLE_MODULES = YES;
				CLANG_ENABLE_OBJC_ARC = YES;
				CLANG_ENABLE_OBJC_WEAK = YES;
				CLANG_WARN_BLOCK_CAPTURE_AUTORELEASING = YES;
				CLANG_WARN_BOOL_CONVERSION = YES;
				CLANG_WARN_COMMA = YES;
				CLANG_WARN_CONSTANT_CONVERSION = YES;
				CLANG_WARN_DEPRECATED_OBJC_IMPLEMENTATIONS = YES;
				CLANG_WARN_DIRECT_OBJC_ISA_USAGE = YES_ERROR;
				CLANG_WARN_DOCUMENTATION_COMMENTS = YES;
				CLANG_WARN_EMPTY_BODY = YES;
				CLANG_WARN_ENUM_CONVERSION = YES;
				CLANG_WARN_INFINITE_RECURSION = YES;
				CLANG_WARN_INT_CONVERSION = YES;
				CLANG_WARN_NON_LITERAL_NULL_CONVERSION = YES;
				CLANG_WARN_OBJC_IMPLICIT_RETAIN_SELF = YES;
				CLANG_WARN_OBJC_LITERAL_CONVERSION = YES;
				CLANG_WARN_OBJC_ROOT_CLASS = YES_ERROR;
				CLANG_WARN_QUOTED_INCLUDE_IN_FRAMEWORK_HEADER = YES;
				CLANG_WARN_RANGE_LOOP_ANALYSIS = YES;
				CLANG_WARN_STRICT_PROTOTYPES = YES;
				CLANG_WARN_SUSPICIOUS_MOVE = YES;
				CLANG_WARN_UNGUARDED_AVAILABILITY = YES_AGGRESSIVE;
				CLANG_WARN_UNREACHABLE_CODE = YES;
				CLANG_WARN__DUPLICATE_METHOD_MATCH = YES;
				COPY_PHASE_STRIP = NO;
				DEBUG_INFORMATION_FORMAT = "dwarf-with-dsym";
				ENABLE_NS_ASSERTIONS = NO;
				ENABLE_STRICT_OBJC_MSGSEND = YES;
				GCC_C_LANGUAGE_STANDARD = gnu11;
				GCC_NO_COMMON_BLOCKS = YES;
				GCC_WARN_64_TO_32_BIT_CONVERSION = YES;
				GCC_WARN_ABOUT_RETURN_TYPE = YES_ERROR;
				GCC_WARN_UNDECLARED_SELECTOR = YES;
				GCC_WARN_UNINITIALIZED_AUTOS = YES_AGGRESSIVE;
				GCC_WARN_UNUSED_FUNCTION = YES;
				GCC_WARN_UNUSED_VARIABLE = YES;
				MACOSX_DEPLOYMENT_TARGET = 12.3;
				MTL_ENABLE_DEBUG_INFO = NO;
				MTL_FAST_MATH = YES;
				SDKROOT = macosx;
			};
			name = Release;
		};
		22E50C51284B0EED0054D616 /* Debug */ = {
			isa = XCBuildConfiguration;
			buildSettings = {
				CODE_SIGN_STYLE = Automatic;
				FRAMEWORK_SEARCH_PATHS = (
					"$(inherited)",
					"$(LOCAL_LIBRARY_DIR)/Frameworks",
				);
				HEADER_SEARCH_PATHS = (
					/Library/Frameworks/SDL2_image.framework/Versions/A/Headers,
					/Library/Frameworks/SDL2.framework/Versions/A/Headers,
				);
				PRODUCT_NAME = "$(TARGET_NAME)";
			};
			name = Debug;
		};
		22E50C52284B0EED0054D616 /* Release */ = {
			isa = XCBuildConfiguration;
			buildSettings = {
				CODE_SIGN_STYLE = Automatic;
				FRAMEWORK_SEARCH_PATHS = (
					"$(inherited)",
					"$(LOCAL_LIBRARY_DIR)/Frameworks",
				);
				HEADER_SEARCH_PATHS = (
					/Library/Frameworks/SDL2_image.framework/Versions/A/Headers,
					/Library/Frameworks/SDL2.framework/Versions/A/Headers,
				);
				PRODUCT_NAME = "$(TARGET_NAME)";
			};
			name = Release;
		};
/* End XCBuildConfiguration section */

/* Begin XCConfigurationList section */
		22E50C44284B0EED0054D616 /* Build configuration list for PBXProject "SDLSimple" */ = {
			isa = XCConfigurationList;
			buildConfigurations = (
				22E50C4E284B0EED0054D616 /* Debug */,
				22E50C4F284B0EED0054D616 /* Release */,
			);
			defaultConfigurationIsVisible = 0;
			defaultConfigurationName = Release;
		};
		22E50C50284B0EED0054D616 /* Build configuration list for PBXNativeTarget "SDLSimple" */ = {
			isa = XCConfigurationList;
			buildConfigurations = (
				22E50C51284B0EED0054D616 /* Debug */,
				22E50C52284B0EED0054D616 /* Release */,
			);
			defaultConfigurationIsVisible = 0;
			defaultConfigurationName = Release;
		};
/* End XCConfigurationList section */
	};
	rootObject = 22E50C41284B0EED0054D616 /* Project object */;
}
